
Microsoft Visual Studio Solution File, Format Version 12.00
# Visual Studio Version 17
VisualStudioVersion = 17.0.31808.319
MinimumVisualStudioVersion = 10.0.40219.1
Project("{FAE04EC0-301F-11D3-BF4B-00C04F79EFBC}") = "BlazorExamples", "BlazorExamples\BlazorExamples.csproj", "{9B3E3993-AE62-4414-832B-86D7E31B89BD}"
EndProject
Global
	GlobalSection(SolutionConfigurationPlatforms) = preSolution
		Debug|Any CPU = Debug|Any CPU
		Release|Any CPU = Release|Any CPU
	EndGlobalSection
	GlobalSection(ProjectConfigurationPlatforms) = postSolution
		{9B3E3993-AE62-4414-832B-86D7E31B89BD}.Debug|Any CPU.ActiveCfg = Debug|Any CPU
		{9B3E3993-AE62-4414-832B-86D7E31B89BD}.Debug|Any CPU.Build.0 = Debug|Any CPU
		{9B3E3993-AE62-4414-832B-86D7E31B89BD}.Release|Any CPU.ActiveCfg = Release|Any CPU
		{9B3E3993-AE62-4414-832B-86D7E31B89BD}.Release|Any CPU.Build.0 = Release|Any CPU
	EndGlobalSection
	GlobalSection(SolutionProperties) = preSolution
		HideSolutionNode = FALSE
	EndGlobalSection
	GlobalSection(ExtensibilityGlobals) = postSolution
		SolutionGuid = {FB57F822-C0CA-44EA-8E26-027D14B58AB3}
	EndGlobalSection
EndGlobal
